
Microsoft Visual Studio Solution File, Format Version 12.00
# Visual Studio Version 16
VisualStudioVersion = 16.0.30320.27
MinimumVisualStudioVersion = 10.0.40219.1
Project("{FAE04EC0-301F-11D3-BF4B-00C04F79EFBC}") = "Setimo", "Setimo\Setimo.csproj", "{CA461133-5E60-4209-9F0D-30B3FBBDC867}"
EndProject
Global
	GlobalSection(SolutionConfigurationPlatforms) = preSolution
		Debug|Any CPU = Debug|Any CPU
		Release|Any CPU = Release|Any CPU
	EndGlobalSection
	GlobalSection(ProjectConfigurationPlatforms) = postSolution
		{CA461133-5E60-4209-9F0D-30B3FBBDC867}.Debug|Any CPU.ActiveCfg = Debug|Any CPU
		{CA461133-5E60-4209-9F0D-30B3FBBDC867}.Debug|Any CPU.Build.0 = Debug|Any CPU
		{CA461133-5E60-4209-9F0D-30B3FBBDC867}.Release|Any CPU.ActiveCfg = Release|Any CPU
		{CA461133-5E60-4209-9F0D-30B3FBBDC867}.Release|Any CPU.Build.0 = Release|Any CPU
	EndGlobalSection
	GlobalSection(SolutionProperties) = preSolution
		HideSolutionNode = FALSE
	EndGlobalSection
	GlobalSection(ExtensibilityGlobals) = postSolution
		SolutionGuid = {A3116085-F1B5-4362-8EC4-3DCDE59A8999}
	EndGlobalSection
EndGlobal
